
Microsoft Visual Studio Solution File, Format Version 12.00
# Visual Studio Version 17
VisualStudioVersion = 17.11.35327.3
MinimumVisualStudioVersion = 10.0.40219.1
Project("{FAE04EC0-301F-11D3-BF4B-00C04F79EFBC}") = "MauiApp2", "MauiApp2.csproj", "{5D12E3AB-303B-4AB3-9C0E-B89C2F9AEDDD}"
EndProject
Global
	GlobalSection(SolutionConfigurationPlatforms) = preSolution
		Debug|Any CPU = Debug|Any CPU
		Release|Any CPU = Release|Any CPU
	EndGlobalSection
	GlobalSection(ProjectConfigurationPlatforms) = postSolution
		{5D12E3AB-303B-4AB3-9C0E-B89C2F9AEDDD}.Debug|Any CPU.ActiveCfg = Debug|Any CPU
		{5D12E3AB-303B-4AB3-9C0E-B89C2F9AEDDD}.Debug|Any CPU.Build.0 = Debug|Any CPU
		{5D12E3AB-303B-4AB3-9C0E-B89C2F9AEDDD}.Debug|Any CPU.Deploy.0 = Debug|Any CPU
		{5D12E3AB-303B-4AB3-9C0E-B89C2F9AEDDD}.Release|Any CPU.ActiveCfg = Release|Any CPU
		{5D12E3AB-303B-4AB3-9C0E-B89C2F9AEDDD}.Release|Any CPU.Build.0 = Release|Any CPU
		{5D12E3AB-303B-4AB3-9C0E-B89C2F9AEDDD}.Release|Any CPU.Deploy.0 = Release|Any CPU
	EndGlobalSection
	GlobalSection(SolutionProperties) = preSolution
		HideSolutionNode = FALSE
	EndGlobalSection
	GlobalSection(ExtensibilityGlobals) = postSolution
		SolutionGuid = {29F1ED19-E3BC-40DF-901E-DEB0C5E19A7B}
	EndGlobalSection
EndGlobal
